Microsoft Visual Studio Solution File, Format Version 12.00
# Visual Studio Version 17
VisualStudioVersion = 17.1.32328.378
MinimumVisualStudioVersion = 16.0.0.0
Project("{9A19103F-16F7-4668-BE54-9A1E7A4F7556}") = "MFIHub.Server", "Server\MFIHub.Server.csproj", "{AF997194-FB5C-4CD8-97E9-BB47AC19647B}"
EndProject
Project("{9A19103F-16F7-4668-BE54-9A1E7A4F7556}") = "MFIHub.Client", "Client\MFIHub.Client.csproj", "{A3BC3312-601F-4547-8CC4-8F9CF60E81A5}"
EndProject
Project("{9A19103F-16F7-4668-BE54-9A1E7A4F7556}") = "MFIHub.Shared", "Shared\MFIHub.Shared.csproj", "{C0026824-B46C-4BB7-AFE2-308B3B7445BD}"
EndProject
Project("{2150E333-8FDC-42A3-9474-1A3956D46DE8}") = "Infrastructure", "Infrastructure", "{A7F89C00-2C59-499F-B74F-BAB1C8761CFE}"
EndProject
Project("{2150E333-8FDC-42A3-9474-1A3956D46DE8}") = "Data", "Data", "{46FC1205-6537-4427-86B5-C2E446ABFB60}"
EndProject
Project("{FAE04EC0-301F-11D3-BF4B-00C04F79EFBC}") = "MFIHub.Infra.Data", "MFIHub.Infra.Data\MFIHub.Infra.Data.csproj", "{ED283E33-6ED3-40A2-A5D7-38BBEBB035BD}"
EndProject
Project("{2150E333-8FDC-42A3-9474-1A3956D46DE8}") = "IoC", "IoC", "{6B9791C6-0E5E-4F2A-8DD1-BE81EF8223B0}"
EndProject
Project("{FAE04EC0-301F-11D3-BF4B-00C04F79EFBC}") = "MFIHub.Infra.IoC", "MFIHub.Infra.IoC\MFIHub.Infra.IoC.csproj", "{AA9B3783-3EFB-4B8D-9698-783CAB98467B}"
EndProject
Project("{2150E333-8FDC-42A3-9474-1A3956D46DE8}") = "Application", "Application", "{3B42987C-CAAC-4B37-A249-9234CB4D90FD}"
EndProject
Project("{FAE04EC0-301F-11D3-BF4B-00C04F79EFBC}") = "MFIHub.Application", "MFIHub.Application\MFIHub.Application.csproj", "{E0C0F0BE-158A-4502-B321-BF22CC1C566B}"
EndProject
Global
	GlobalSection(SolutionConfigurationPlatforms) = preSolution
		Debug|Any CPU = Debug|Any CPU
		Debug|x64 = Debug|x64
		Debug|x86 = Debug|x86
		Release|Any CPU = Release|Any CPU
		Release|x64 = Release|x64
		Release|x86 = Release|x86
	EndGlobalSection
	GlobalSection(ProjectConfigurationPlatforms) = postSolution
		{AF997194-FB5C-4CD8-97E9-BB47AC19647B}.Debug|Any CPU.ActiveCfg = Debug|Any CPU
		{AF997194-FB5C-4CD8-97E9-BB47AC19647B}.Debug|Any CPU.Build.0 = Debug|Any CPU
		{AF997194-FB5C-4CD8-97E9-BB47AC19647B}.Debug|x64.ActiveCfg = Debug|Any CPU
		{AF997194-FB5C-4CD8-97E9-BB47AC19647B}.Debug|x64.Build.0 = Debug|Any CPU
		{AF997194-FB5C-4CD8-97E9-BB47AC19647B}.Debug|x86.ActiveCfg = Debug|Any CPU
		{AF997194-FB5C-4CD8-97E9-BB47AC19647B}.Debug|x86.Build.0 = Debug|Any CPU
		{AF997194-FB5C-4CD8-97E9-BB47AC19647B}.Release|Any CPU.ActiveCfg = Release|Any CPU
		{AF997194-FB5C-4CD8-97E9-BB47AC19647B}.Release|Any CPU.Build.0 = Release|Any CPU
		{AF997194-FB5C-4CD8-97E9-BB47AC19647B}.Release|x64.ActiveCfg = Release|Any CPU
		{AF997194-FB5C-4CD8-97E9-BB47AC19647B}.Release|x64.Build.0 = Release|Any CPU
		{AF997194-FB5C-4CD8-97E9-BB47AC19647B}.Release|x86.ActiveCfg = Release|Any CPU
		{AF997194-FB5C-4CD8-97E9-BB47AC19647B}.Release|x86.Build.0 = Release|Any CPU
		{A3BC3312-601F-4547-8CC4-8F9CF60E81A5}.Debug|Any CPU.ActiveCfg = Debug|Any CPU
		{A3BC3312-601F-4547-8CC4-8F9CF60E81A5}.Debug|Any CPU.Build.0 = Debug|Any CPU
		{A3BC3312-601F-4547-8CC4-8F9CF60E81A5}.Debug|x64.ActiveCfg = Debug|Any CPU
		{A3BC3312-601F-4547-8CC4-8F9CF60E81A5}.Debug|x64.Build.0 = Debug|Any CPU
		{A3BC3312-601F-4547-8CC4-8F9CF60E81A5}.Debug|x86.ActiveCfg = Debug|Any CPU
		{A3BC3312-601F-4547-8CC4-8F9CF60E81A5}.Debug|x86.Build.0 = Debug|Any CPU
		{A3BC3312-601F-4547-8CC4-8F9CF60E81A5}.Release|Any CPU.ActiveCfg = Release|Any CPU
		{A3BC3312-601F-4547-8CC4-8F9CF60E81A5}.Release|Any CPU.Build.0 = Release|Any CPU
		{A3BC3312-601F-4547-8CC4-8F9CF60E81A5}.Release|x64.ActiveCfg = Release|Any CPU
		{A3BC3312-601F-4547-8CC4-8F9CF60E81A5}.Release|x64.Build.0 = Release|Any CPU
		{A3BC3312-601F-4547-8CC4-8F9CF60E81A5}.Release|x86.ActiveCfg = Release|Any CPU
		{A3BC3312-601F-4547-8CC4-8F9CF60E81A5}.Release|x86.Build.0 = Release|Any CPU
		{C0026824-B46C-4BB7-AFE2-308B3B7445BD}.Debug|Any CPU.ActiveCfg = Debug|Any CPU
		{C0026824-B46C-4BB7-AFE2-308B3B7445BD}.Debug|Any CPU.Build.0 = Debug|Any CPU
		{C0026824-B46C-4BB7-AFE2-308B3B7445BD}.Debug|x64.ActiveCfg = Debug|Any CPU
		{C0026824-B46C-4BB7-AFE2-308B3B7445BD}.Debug|x64.Build.0 = Debug|Any CPU
		{C0026824-B46C-4BB7-AFE2-308B3B7445BD}.Debug|x86.ActiveCfg = Debug|Any CPU
		{C0026824-B46C-4BB7-AFE2-308B3B7445BD}.Debug|x86.Build.0 = Debug|Any CPU
		{C0026824-B46C-4BB7-AFE2-308B3B7445BD}.Release|Any CPU.ActiveCfg = Release|Any CPU
		{C0026824-B46C-4BB7-AFE2-308B3B7445BD}.Release|Any CPU.Build.0 = Release|Any CPU
		{C0026824-B46C-4BB7-AFE2-308B3B7445BD}.Release|x64.ActiveCfg = Release|Any CPU
		{C0026824-B46C-4BB7-AFE2-308B3B7445BD}.Release|x64.Build.0 = Release|Any CPU
		{C0026824-B46C-4BB7-AFE2-308B3B7445BD}.Release|x86.ActiveCfg = Release|Any CPU
		{C0026824-B46C-4BB7-AFE2-308B3B7445BD}.Release|x86.Build.0 = Release|Any CPU
		{ED283E33-6ED3-40A2-A5D7-38BBEBB035BD}.Debug|Any CPU.ActiveCfg = Debug|Any CPU
		{ED283E33-6ED3-40A2-A5D7-38BBEBB035BD}.Debug|Any CPU.Build.0 = Debug|Any CPU
		{ED283E33-6ED3-40A2-A5D7-38BBEBB035BD}.Debug|x64.ActiveCfg = Debug|Any CPU
		{ED283E33-6ED3-40A2-A5D7-38BBEBB035BD}.Debug|x64.Build.0 = Debug|Any CPU
		{ED283E33-6ED3-40A2-A5D7-38BBEBB035BD}.Debug|x86.ActiveCfg = Debug|Any CPU
		{ED283E33-6ED3-40A2-A5D7-38BBEBB035BD}.Debug|x86.Build.0 = Debug|Any CPU
		{ED283E33-6ED3-40A2-A5D7-38BBEBB035BD}.Release|Any CPU.ActiveCfg = Release|Any CPU
		{ED283E33-6ED3-40A2-A5D7-38BBEBB035BD}.Release|Any CPU.Build.0 = Release|Any CPU
		{ED283E33-6ED3-40A2-A5D7-38BBEBB035BD}.Release|x64.ActiveCfg = Release|Any CPU
		{ED283E33-6ED3-40A2-A5D7-38BBEBB035BD}.Release|x64.Build.0 = Release|Any CPU
		{ED283E33-6ED3-40A2-A5D7-38BBEBB035BD}.Release|x86.ActiveCfg = Release|Any CPU
		{ED283E33-6ED3-40A2-A5D7-38BBEBB035BD}.Release|x86.Build.0 = Release|Any CPU
		{AA9B3783-3EFB-4B8D-9698-783CAB98467B}.Debug|Any CPU.ActiveCfg = Debug|Any CPU
		{AA9B3783-3EFB-4B8D-9698-783CAB98467B}.Debug|Any CPU.Build.0 = Debug|Any CPU
		{AA9B3783-3EFB-4B8D-9698-783CAB98467B}.Debug|x64.ActiveCfg = Debug|Any CPU
		{AA9B3783-3EFB-4B8D-9698-783CAB98467B}.Debug|x64.Build.0 = Debug|Any CPU
		{AA9B3783-3EFB-4B8D-9698-783CAB98467B}.Debug|x86.ActiveCfg = Debug|Any CPU
		{AA9B3783-3EFB-4B8D-9698-783CAB98467B}.Debug|x86.Build.0 = Debug|Any CPU
		{AA9B3783-3EFB-4B8D-9698-783CAB98467B}.Release|Any CPU.ActiveCfg = Release|Any CPU
		{AA9B3783-3EFB-4B8D-9698-783CAB98467B}.Release|Any CPU.Build.0 = Release|Any CPU
		{AA9B3783-3EFB-4B8D-9698-783CAB98467B}.Release|x64.ActiveCfg = Release|Any CPU
		{AA9B3783-3EFB-4B8D-9698-783CAB98467B}.Release|x64.Build.0 = Release|Any CPU
		{AA9B3783-3EFB-4B8D-9698-783CAB98467B}.Release|x86.ActiveCfg = Release|Any CPU
		{AA9B3783-3EFB-4B8D-9698-783CAB98467B}.Release|x86.Build.0 = Release|Any CPU
		{E0C0F0BE-158A-4502-B321-BF22CC1C566B}.Debug|Any CPU.ActiveCfg = Debug|Any CPU
		{E0C0F0BE-158A-4502-B321-BF22CC1C566B}.Debug|Any CPU.Build.0 = Debug|Any CPU
		{E0C0F0BE-158A-4502-B321-BF22CC1C566B}.Debug|x64.ActiveCfg = Debug|Any CPU
		{E0C0F0BE-158A-4502-B321-BF22CC1C566B}.Debug|x64.Build.0 = Debug|Any CPU
		{E0C0F0BE-158A-4502-B321-BF22CC1C566B}.Debug|x86.ActiveCfg = Debug|Any CPU
		{E0C0F0BE-158A-4502-B321-BF22CC1C566B}.Debug|x86.Build.0 = Debug|Any CPU
		{E0C0F0BE-158A-4502-B321-BF22CC1C566B}.Release|Any CPU.ActiveCfg = Release|Any CPU
		{E0C0F0BE-158A-4502-B321-BF22CC1C566B}.Release|Any CPU.Build.0 = Release|Any CPU
		{E0C0F0BE-158A-4502-B321-BF22CC1C566B}.Release|x64.ActiveCfg = Release|Any CPU
		{E0C0F0BE-158A-4502-B321-BF22CC1C566B}.Release|x64.Build.0 = Release|Any CPU
		{E0C0F0BE-158A-4502-B321-BF22CC1C566B}.Release|x86.ActiveCfg = Release|Any CPU
		{E0C0F0BE-158A-4502-B321-BF22CC1C566B}.Release|x86.Build.0 = Release|Any CPU
	EndGlobalSection
	GlobalSection(SolutionProperties) = preSolution
		HideSolutionNode = FALSE
	EndGlobalSection
	GlobalSection(NestedProjects) = preSolution
		{46FC1205-6537-4427-86B5-C2E446ABFB60} = {A7F89C00-2C59-499F-B74F-BAB1C8761CFE}
		{ED283E33-6ED3-40A2-A5D7-38BBEBB035BD} = {46FC1205-6537-4427-86B5-C2E446ABFB60}
		{6B9791C6-0E5E-4F2A-8DD1-BE81EF8223B0} = {A7F89C00-2C59-499F-B74F-BAB1C8761CFE}
		{AA9B3783-3EFB-4B8D-9698-783CAB98467B} = {6B9791C6-0E5E-4F2A-8DD1-BE81EF8223B0}
		{E0C0F0BE-158A-4502-B321-BF22CC1C566B} = {3B42987C-CAAC-4B37-A249-9234CB4D90FD}
	EndGlobalSection
	GlobalSection(ExtensibilityGlobals) = postSolution
		SolutionGuid = {6F549B06-6D29-4D10-82DC-E2F93572994E}
	EndGlobalSection
EndGlobal
